{
	"name": "@gh-components/core",
	"version": "0.0.1-alpha.1",
	"lockfileVersion": 1,
	"requires": true,
	"dependencies": {
		"camel-to-kebab": {
			"version": "1.1.0",
			"resolved": "https://registry.npmjs.org/camel-to-kebab/-/camel-to-kebab-1.1.0.tgz",
			"integrity": "sha512-0wc1U9DZOTbpOzdtwtvMVN4tnRCEjS68lJ6pPmCJKdXX8HlydROS8N4l9mYwIscEyx76az7m2cGi3a4oRmI3IQ=="
		},
		"camelcase": {
			"version": "5.3.1",
			"resolved": "https://registry.npmjs.org/camelcase/-/camelcase-5.3.1.tgz",
			"integrity": "sha512-L28STB170nwWS63UjtlEOE3dldQApaJXZkOI1uMFfzf3rRuPegHaHesyee+YxQ+W6SvRDQV6UrdOdRiR153wJg=="
		},
		"lit-html": {
			"version": "1.0.0",
			"resolved": "https://registry.npmjs.org/lit-html/-/lit-html-1.0.0.tgz",
			"integrity": "sha512-oeWlpLmBW3gFl7979Wol2LKITpmKTUFNn7PnFbh6YNynF61W74l6x5WhwItAwPRSATpexaX1egNnRzlN4GOtfQ=="
		},
		"shadow-css": {
			"version": "0.1.1",
			"resolved": "https://registry.npmjs.org/shadow-css/-/shadow-css-0.1.1.tgz",
			"integrity": "sha512-cqR6c/cY2vUdXjhzRLrZQy3ehkejSkkHF774/3D14G8rWcPo2noMtVQY6zxj2pl9lWRUoQE1TqeRrgF8/S0YtA=="
		},
		"typescript": {
			"version": "3.4.4",
			"resolved": "https://registry.npmjs.org/typescript/-/typescript-3.4.4.tgz",
			"integrity": "sha512-xt5RsIRCEaf6+j9AyOBgvVuAec0i92rgCaS3S+UVf5Z/vF2Hvtsw08wtUTJqp4djwznoAgjSxeCcU4r+CcDBJA==",
			"dev": true
		}
	}
}
